// !$*UTF8*$!
{
	archiveVersion = 1;
	classes = {
	};
	objectVersion = 46;
	objects = {

/* Begin PBXBuildFile section */
		AC9042881F1FF0E90056D33D /* AppDelegate.swift in Sources */ = {isa = PBXBuildFile; fileRef = AC9042871F1FF0E90056D33D /* AppDelegate.swift */; };
		AC90428A1F1FF0E90056D33D /* ViewController.swift in Sources */ = {isa = PBXBuildFile; fileRef = AC9042891F1FF0E90056D33D /* ViewController.swift */; };
		AC90428D1F1FF0E90056D33D /* Main.storyboard in Resources */ = {isa = PBXBuildFile; fileRef = AC90428B1F1FF0E90056D33D /* Main.storyboard */; };
		AC90428F1F1FF0E90056D33D /* Assets.xcassets in Resources */ = {isa = PBXBuildFile; fileRef = AC90428E1F1FF0E90056D33D /* Assets.xcassets */; };
		AC9042921F1FF0E90056D33D /* LaunchScreen.storyboard in Resources */ = {isa = PBXBuildFile; fileRef = AC9042901F1FF0E90056D33D /* LaunchScreen.storyboard */; };
		AC90429D1F1FF0E90056D33D /* accelerometertestTests.swift in Sources */ = {isa = PBXBuildFile; fileRef = AC90429C1F1FF0E90056D33D /* accelerometertestTests.swift */; };
		AC9042A81F1FF0E90056D33D /* accelerometertestUITests.swift in Sources */ = {isa = PBXBuildFile; fileRef = AC9042A71F1FF0E90056D33D /* accelerometertestUITests.swift */; };
/* End PBXBuildFile section */

/* Begin PBXContainerItemProxy section */
		AC9042991F1FF0E90056D33D /* PBXContainerItemProxy */ = {
			isa = PBXContainerItemProxy;
			containerPortal = AC90427C1F1FF0E90056D33D /* Project object */;
			proxyType = 1;
			remoteGlobalIDString = AC9042831F1FF0E90056D33D;
			remoteInfo = accelerometertest;
		};
		AC9042A41F1FF0E90056D33D /* PBXContainerItemProxy */ = {
			isa = PBXContainerItemProxy;
			containerPortal = AC90427C1F1FF0E90056D33D /* Project object */;
			proxyType = 1;
			remoteGlobalIDString = AC9042831F1FF0E90056D33D;
			remoteInfo = accelerometertest;
		};
/* End PBXContainerItemProxy section */

/* Begin PBXFileReference section */
		AC9042841F1FF0E90056D33D /* accelerometertest.app */ = {isa = PBXFileReference; explicitFileType = wrapper.application; includeInIndex = 0; path = accelerometertest.app; sourceTree = BUILT_PRODUCTS_DIR; };
		AC9042871F1FF0E90056D33D /* AppDelegate.swift */ = {isa = PBXFileReference; lastKnownFileType = sourcecode.swift; path = AppDelegate.swift; sourceTree = "<group>"; };
		AC9042891F1FF0E90056D33D /* ViewController.swift */ = {isa = PBXFileReference; lastKnownFileType = sourcecode.swift; path = ViewController.swift; sourceTree = "<group>"; };
		AC90428C1F1FF0E90056D33D /* Base */ = {isa = PBXFileReference; lastKnownFileType = file.storyboard; name = Base; path = Base.lproj/Main.storyboard; sourceTree = "<group>"; };
		AC90428E1F1FF0E90056D33D /* Assets.xcassets */ = {isa = PBXFileReference; lastKnownFileType = folder.assetcatalog; path = Assets.xcassets; sourceTree = "<group>"; };
		AC9042911F1FF0E90056D33D /* Base */ = {isa = PBXFileReference; lastKnownFileType = file.storyboard; name = Base; path = Base.lproj/LaunchScreen.storyboard; sourceTree = "<group>"; };
		AC9042931F1FF0E90056D33D /* Info.plist */ = {isa = PBXFileReference; lastKnownFileType = text.plist.xml; path = Info.plist; sourceTree = "<group>"; };
		AC9042981F1FF0E90056D33D /* accelerometertestTests.xctest */ = {isa = PBXFileReference; explicitFileType = wrapper.cfbundle; includeInIndex = 0; path = accelerometertestTests.xctest; sourceTree = BUILT_PRODUCTS_DIR; };
		AC90429C1F1FF0E90056D33D /* accelerometertestTests.swift */ = {isa = PBXFileReference; lastKnownFileType = sourcecode.swift; path = accelerometertestTests.swift; sourceTree = "<group>"; };
		AC90429E1F1FF0E90056D33D /* Info.plist */ = {isa = PBXFileReference; lastKnownFileType = text.plist.xml; path = Info.plist; sourceTree = "<group>"; };
		AC9042A31F1FF0E90056D33D /* accelerometertestUITests.xctest */ = {isa = PBXFileReference; explicitFileType = wrapper.cfbundle; includeInIndex = 0; path = accelerometertestUITests.xctest; sourceTree = BUILT_PRODUCTS_DIR; };
		AC9042A71F1FF0E90056D33D /* accelerometertestUITests.swift */ = {isa = PBXFileReference; lastKnownFileType = sourcecode.swift; path = accelerometertestUITests.swift; sourceTree = "<group>"; };
		AC9042A91F1FF0E90056D33D /* Info.plist */ = {isa = PBXFileReference; lastKnownFileType = text.plist.xml; path = Info.plist; sourceTree = "<group>"; };
/* End PBXFileReference section */

/* Begin PBXFrameworksBuildPhase section */
		AC9042811F1FF0E90056D33D /* Frameworks */ = {
			isa = PBXFrameworksBuildPhase;
			buildActionMask = 2147483647;
			files = (
			);
			runOnlyForDeploymentPostprocessing = 0;
		};
		AC9042951F1FF0E90056D33D /* Frameworks */ = {
			isa = PBXFrameworksBuildPhase;
			buildActionMask = 2147483647;
			files = (
			);
			runOnlyForDeploymentPostprocessing = 0;
		};
		AC9042A01F1FF0E90056D33D /* Frameworks */ = {
			isa = PBXFrameworksBuildPhase;
			buildActionMask = 2147483647;
			files = (
			);
			runOnlyForDeploymentPostprocessing = 0;
		};
/* End PBXFrameworksBuildPhase section */

/* Begin PBXGroup section */
		AC90427B1F1FF0E90056D33D = {
			isa = PBXGroup;
			children = (
				AC9042861F1FF0E90056D33D /* accelerometertest */,
				AC90429B1F1FF0E90056D33D /* accelerometertestTests */,
				AC9042A61F1FF0E90056D33D /* accelerometertestUITests */,
				AC9042851F1FF0E90056D33D /* Products */,
			);
			sourceTree = "<group>";
		};
		AC9042851F1FF0E90056D33D /* Products */ = {
			isa = PBXGroup;
			children = (
				AC9042841F1FF0E90056D33D /* accelerometertest.app */,
				AC9042981F1FF0E90056D33D /* accelerometertestTests.xctest */,
				AC9042A31F1FF0E90056D33D /* accelerometertestUITests.xctest */,
			);
			name = Products;
			sourceTree = "<group>";
		};
		AC9042861F1FF0E90056D33D /* accelerometertest */ = {
			isa = PBXGroup;
			children = (
				AC9042871F1FF0E90056D33D /* AppDelegate.swift */,
				AC9042891F1FF0E90056D33D /* ViewController.swift */,
				AC90428B1F1FF0E90056D33D /* Main.storyboard */,
				AC90428E1F1FF0E90056D33D /* Assets.xcassets */,
				AC9042901F1FF0E90056D33D /* LaunchScreen.storyboard */,
				AC9042931F1FF0E90056D33D /* Info.plist */,
			);
			path = accelerometertest;
			sourceTree = "<group>";
		};
		AC90429B1F1FF0E90056D33D /* accelerometertestTests */ = {
			isa = PBXGroup;
			children = (
				AC90429C1F1FF0E90056D33D /* accelerometertestTests.swift */,
				AC90429E1F1FF0E90056D33D /* Info.plist */,
			);
			path = accelerometertestTests;
			sourceTree = "<group>";
		};
		AC9042A61F1FF0E90056D33D /* accelerometertestUITests */ = {
			isa = PBXGroup;
			children = (
				AC9042A71F1FF0E90056D33D /* accelerometertestUITests.swift */,
				AC9042A91F1FF0E90056D33D /* Info.plist */,
			);
			path = accelerometertestUITests;
			sourceTree = "<group>";
		};
/* End PBXGroup section */

/* Begin PBXNativeTarget section */
		AC9042831F1FF0E90056D33D /* accelerometertest */ = {
			isa = PBXNativeTarget;
			buildConfigurationList = AC9042AC1F1FF0E90056D33D /* Build configuration list for PBXNativeTarget "accelerometertest" */;
			buildPhases = (
				AC9042801F1FF0E90056D33D /* Sources */,
				AC9042811F1FF0E90056D33D /* Frameworks */,
				AC9042821F1FF0E90056D33D /* Resources */,
			);
			buildRules = (
			);
			dependencies = (
			);
			name = accelerometertest;
			productName = accelerometertest;
			productReference = AC9042841F1FF0E90056D33D /* accelerometertest.app */;
			productType = "com.apple.product-type.application";
		};
		AC9042971F1FF0E90056D33D /* accelerometertestTests */ = {
			isa = PBXNativeTarget;
			buildConfigurationList = AC9042AF1F1FF0E90056D33D /* Build configuration list for PBXNativeTarget "accelerometertestTests" */;
			buildPhases = (
				AC9042941F1FF0E90056D33D /* Sources */,
				AC9042951F1FF0E90056D33D /* Frameworks */,
				AC9042961F1FF0E90056D33D /* Resources */,
			);
			buildRules = (
			);
			dependencies = (
				AC90429A1F1FF0E90056D33D /* PBXTargetDependency */,
			);
			name = accelerometertestTests;
			productName = accelerometertestTests;
			productReference = AC9042981F1FF0E90056D33D /* accelerometertestTests.xctest */;
			productType = "com.apple.product-type.bundle.unit-test";
		};
		AC9042A21F1FF0E90056D33D /* accelerometertestUITests */ = {
			isa = PBXNativeTarget;
			buildConfigurationList = AC9042B21F1FF0E90056D33D /* Build configuration list for PBXNativeTarget "accelerometertestUITests" */;
			buildPhases = (
				AC90429F1F1FF0E90056D33D /* Sources */,
				AC9042A01F1FF0E90056D33D /* Frameworks */,
				AC9042A11F1FF0E90056D33D /* Resources */,
			);
			buildRules = (
			);
			dependencies = (
				AC9042A51F1FF0E90056D33D /* PBXTargetDependency */,
			);
			name = accelerometertestUITests;
			productName = accelerometertestUITests;
			productReference = AC9042A31F1FF0E90056D33D /* accelerometertestUITests.xctest */;
			productType = "com.apple.product-type.bundle.ui-testing";
		};
/* End PBXNativeTarget section */

/* Begin PBXProject section */
		AC90427C1F1FF0E90056D33D /* Project object */ = {
			isa = PBXProject;
			attributes = {
				LastSwiftUpdateCheck = 0830;
				LastUpgradeCheck = 0830;
				ORGANIZATIONNAME = "Sean Le";
				TargetAttributes = {
					AC9042831F1FF0E90056D33D = {
						CreatedOnToolsVersion = 8.3.3;
						ProvisioningStyle = Automatic;
					};
					AC9042971F1FF0E90056D33D = {
						CreatedOnToolsVersion = 8.3.3;
						ProvisioningStyle = Automatic;
						TestTargetID = AC9042831F1FF0E90056D33D;
					};
					AC9042A21F1FF0E90056D33D = {
						CreatedOnToolsVersion = 8.3.3;
						ProvisioningStyle = Automatic;
						TestTargetID = AC9042831F1FF0E90056D33D;
					};
				};
			};
			buildConfigurationList = AC90427F1F1FF0E90056D33D /* Build configuration list for PBXProject "accelerometertest" */;
			compatibilityVersion = "Xcode 3.2";
			developmentRegion = English;
			hasScannedForEncodings = 0;
			knownRegions = (
				en,
				Base,
			);
			mainGroup = AC90427B1F1FF0E90056D33D;
			productRefGroup = AC9042851F1FF0E90056D33D /* Products */;
			projectDirPath = "";
			projectRoot = "";
			targets = (
				AC9042831F1FF0E90056D33D /* accelerometertest */,
				AC9042971F1FF0E90056D33D /* accelerometertestTests */,
				AC9042A21F1FF0E90056D33D /* accelerometertestUITests */,
			);
		};
/* End PBXProject section */

/* Begin PBXResourcesBuildPhase section */
		AC9042821F1FF0E90056D33D /* Resources */ = {
			isa = PBXResourcesBuildPhase;
			buildActionMask = 2147483647;
			files = (
				AC9042921F1FF0E90056D33D /* LaunchScreen.storyboard in Resources */,
				AC90428F1F1FF0E90056D33D /* Assets.xcassets in Resources */,
				AC90428D1F1FF0E90056D33D /* Main.storyboard in Resources */,
			);
			runOnlyForDeploymentPostprocessing = 0;
		};
		AC9042961F1FF0E90056D33D /* Resources */ = {
			isa = PBXResourcesBuildPhase;
			buildActionMask = 2147483647;
			files = (
			);
			runOnlyForDeploymentPostprocessing = 0;
		};
		AC9042A11F1FF0E90056D33D /* Resources */ = {
			isa = PBXResourcesBuildPhase;
			buildActionMask = 2147483647;
			files = (
			);
			runOnlyForDeploymentPostprocessing = 0;
		};
/* End PBXResourcesBuildPhase section */

/* Begin PBXSourcesBuildPhase section */
		AC9042801F1FF0E90056D33D /* Sources */ = {
			isa = PBXSourcesBuildPhase;
			buildActionMask = 2147483647;
			files = (
				AC90428A1F1FF0E90056D33D /* ViewController.swift in Sources */,
				AC9042881F1FF0E90056D33D /* AppDelegate.swift in Sources */,
			);
			runOnlyForDeploymentPostprocessing = 0;
		};
		AC9042941F1FF0E90056D33D /* Sources */ = {
			isa = PBXSourcesBuildPhase;
			buildActionMask = 2147483647;
			files = (
				AC90429D1F1FF0E90056D33D /* accelerometertestTests.swift in Sources */,
			);
			runOnlyForDeploymentPostprocessing = 0;
		};
		AC90429F1F1FF0E90056D33D /* Sources */ = {
			isa = PBXSourcesBuildPhase;
			buildActionMask = 2147483647;
			files = (
				AC9042A81F1FF0E90056D33D /* accelerometertestUITests.swift in Sources */,
			);
			runOnlyForDeploymentPostprocessing = 0;
		};
/* End PBXSourcesBuildPhase section */

/* Begin PBXTargetDependency section */
		AC90429A1F1FF0E90056D33D /* PBXTargetDependency */ = {
			isa = PBXTargetDependency;
			target = AC9042831F1FF0E90056D33D /* accelerometertest */;
			targetProxy = AC9042991F1FF0E90056D33D /* PBXContainerItemProxy */;
		};
		AC9042A51F1FF0E90056D33D /* PBXTargetDependency */ = {
			isa = PBXTargetDependency;
			target = AC9042831F1FF0E90056D33D /* accelerometertest */;
			targetProxy = AC9042A41F1FF0E90056D33D /* PBXContainerItemProxy */;
		};
/* End PBXTargetDependency section */

/* Begin PBXVariantGroup section */
		AC90428B1F1FF0E90056D33D /* Main.storyboard */ = {
			isa = PBXVariantGroup;
			children = (
				AC90428C1F1FF0E90056D33D /* Base */,
			);
			name = Main.storyboard;
			sourceTree = "<group>";
		};
		AC9042901F1FF0E90056D33D /* LaunchScreen.storyboard */ = {
			isa = PBXVariantGroup;
			children = (
				AC9042911F1FF0E90056D33D /* Base */,
			);
			name = LaunchScreen.storyboard;
			sourceTree = "<group>";
		};
/* End PBXVariantGroup section */

/* Begin XCBuildConfiguration section */
		AC9042AA1F1FF0E90056D33D /* Debug */ = {
			isa = XCBuildConfiguration;
			buildSettings = {
				ALWAYS_SEARCH_USER_PATHS = NO;
				CLANG_ANALYZER_NONNULL = YES;
				CLANG_ANALYZER_NUMBER_OBJECT_CONVERSION = YES_AGGRESSIVE;
				CLANG_CXX_LANGUAGE_STANDARD = "gnu++0x";
				CLANG_CXX_LIBRARY = "libc++";
				CLANG_ENABLE_MODULES = YES;
				CLANG_ENABLE_OBJC_ARC = YES;
				CLANG_WARN_BOOL_CONVERSION = YES;
				CLANG_WARN_CONSTANT_CONVERSION = YES;
				CLANG_WARN_DIRECT_OBJC_ISA_USAGE = YES_ERROR;
				CLANG_WARN_DOCUMENTATION_COMMENTS = YES;
				CLANG_WARN_EMPTY_BODY = YES;
				CLANG_WARN_ENUM_CONVERSION = YES;
				CLANG_WARN_INFINITE_RECURSION = YES;
				CLANG_WARN_INT_CONVERSION = YES;
				CLANG_WARN_OBJC_ROOT_CLASS = YES_ERROR;
				CLANG_WARN_SUSPICIOUS_MOVE = YES;
				CLANG_WARN_UNREACHABLE_CODE = YES;
				CLANG_WARN__DUPLICATE_METHOD_MATCH = YES;
				"CODE_SIGN_IDENTITY[sdk=iphoneos*]" = "iPhone Developer";
				COPY_PHASE_STRIP = NO;
				DEBUG_INFORMATION_FORMAT = dwarf;
				ENABLE_STRICT_OBJC_MSGSEND = YES;
				ENABLE_TESTABILITY = YES;
				GCC_C_LANGUAGE_STANDARD = gnu99;
				GCC_DYNAMIC_NO_PIC = NO;
				GCC_NO_COMMON_BLOCKS = YES;
				GCC_OPTIMIZATION_LEVEL = 0;
				GCC_PREPROCESSOR_DEFINITIONS = (
					"DEBUG=1",
					"$(inherited)",
				);
				GCC_WARN_64_TO_32_BIT_CONVERSION = YES;
				GCC_WARN_ABOUT_RETURN_TYPE = YES_ERROR;
				GCC_WARN_UNDECLARED_SELECTOR = YES;
				GCC_WARN_UNINITIALIZED_AUTOS = YES_AGGRESSIVE;
				GCC_WARN_UNUSED_FUNCTION = YES;
				GCC_WARN_UNUSED_VARIABLE = YES;
				IPHONEOS_DEPLOYMENT_TARGET = 10.3;
				MTL_ENABLE_DEBUG_INFO = YES;
				ONLY_ACTIVE_ARCH = YES;
				SDKROOT = iphoneos;
				SWIFT_ACTIVE_COMPILATION_CONDITIONS = DEBUG;
				SWIFT_OPTIMIZATION_LEVEL = "-Onone";
				TARGETED_DEVICE_FAMILY = "1,2";
			};
			name = Debug;
		};
		AC9042AB1F1FF0E90056D33D /* Release */ = {
			isa = XCBuildConfiguration;
			buildSettings = {
				ALWAYS_SEARCH_USER_PATHS = NO;
				CLANG_ANALYZER_NONNULL = YES;
				CLANG_ANALYZER_NUMBER_OBJECT_CONVERSION = YES_AGGRESSIVE;
				CLANG_CXX_LANGUAGE_STANDARD = "gnu++0x";
				CLANG_CXX_LIBRARY = "libc++";
				CLANG_ENABLE_MODULES = YES;
				CLANG_ENABLE_OBJC_ARC = YES;
				CLANG_WARN_BOOL_CONVERSION = YES;
				CLANG_WARN_CONSTANT_CONVERSION = YES;
				CLANG_WARN_DIRECT_OBJC_ISA_USAGE = YES_ERROR;
				CLANG_WARN_DOCUMENTATION_COMMENTS = YES;
				CLANG_WARN_EMPTY_BODY = YES;
				CLANG_WARN_ENUM_CONVERSION = YES;
				CLANG_WARN_INFINITE_RECURSION = YES;
				CLANG_WARN_INT_CONVERSION = YES;
				CLANG_WARN_OBJC_ROOT_CLASS = YES_ERROR;
				CLANG_WARN_SUSPICIOUS_MOVE = YES;
				CLANG_WARN_UNREACHABLE_CODE = YES;
				CLANG_WARN__DUPLICATE_METHOD_MATCH = YES;
				"CODE_SIGN_IDENTITY[sdk=iphoneos*]" = "iPhone Developer";
				COPY_PHASE_STRIP = NO;
				DEBUG_INFORMATION_FORMAT = "dwarf-with-dsym";
				ENABLE_NS_ASSERTIONS = NO;
				ENABLE_STRICT_OBJC_MSGSEND = YES;
				GCC_C_LANGUAGE_STANDARD = gnu99;
				GCC_NO_COMMON_BLOCKS = YES;
				GCC_WARN_64_TO_32_BIT_CONVERSION = YES;
				GCC_WARN_ABOUT_RETURN_TYPE = YES_ERROR;
				GCC_WARN_UNDECLARED_SELECTOR = YES;
				GCC_WARN_UNINITIALIZED_AUTOS = YES_AGGRESSIVE;
				GCC_WARN_UNUSED_FUNCTION = YES;
				GCC_WARN_UNUSED_VARIABLE = YES;
				IPHONEOS_DEPLOYMENT_TARGET = 10.3;
				MTL_ENABLE_DEBUG_INFO = NO;
				SDKROOT = iphoneos;
				SWIFT_OPTIMIZATION_LEVEL = "-Owholemodule";
				TARGETED_DEVICE_FAMILY = "1,2";
				VALIDATE_PRODUCT = YES;
			};
			name = Release;
		};
		AC9042AD1F1FF0E90056D33D /* Debug */ = {
			isa = XCBuildConfiguration;
			buildSettings = {
				ASSETCATALOG_COMPILER_APPICON_NAME = AppIcon;
				INFOPLIST_FILE = accelerometertest/Info.plist;
				LD_RUNPATH_SEARCH_PATHS = "$(inherited) @executable_path/Frameworks";
				PRODUCT_BUNDLE_IDENTIFIER = com.seanle.accelerometertest;
				PRODUCT_NAME = "$(TARGET_NAME)";
				SWIFT_VERSION = 3.0;
			};
			name = Debug;
		};
		AC9042AE1F1FF0E90056D33D /* Release */ = {
			isa = XCBuildConfiguration;
			buildSettings = {
				ASSETCATALOG_COMPILER_APPICON_NAME = AppIcon;
				INFOPLIST_FILE = accelerometertest/Info.plist;
				LD_RUNPATH_SEARCH_PATHS = "$(inherited) @executable_path/Frameworks";
				PRODUCT_BUNDLE_IDENTIFIER = com.seanle.accelerometertest;
				PRODUCT_NAME = "$(TARGET_NAME)";
				SWIFT_VERSION = 3.0;
			};
			name = Release;
		};
		AC9042B01F1FF0E90056D33D /* Debug */ = {
			isa = XCBuildConfiguration;
			buildSettings = {
				ALWAYS_EMBED_SWIFT_STANDARD_LIBRARIES = YES;
				BUNDLE_LOADER = "$(TEST_HOST)";
				INFOPLIST_FILE = accelerometertestTests/Info.plist;
				LD_RUNPATH_SEARCH_PATHS = "$(inherited) @executable_path/Frameworks @loader_path/Frameworks";
				PRODUCT_BUNDLE_IDENTIFIER = com.seanle.accelerometertestTests;
				PRODUCT_NAME = "$(TARGET_NAME)";
				SWIFT_VERSION = 3.0;
				TEST_HOST = "$(BUILT_PRODUCTS_DIR)/accelerometertest.app/accelerometertest";
			};
			name = Debug;
		};
		AC9042B11F1FF0E90056D33D /* Release */ = {
			isa = XCBuildConfiguration;
			buildSettings = {
				ALWAYS_EMBED_SWIFT_STANDARD_LIBRARIES = YES;
				BUNDLE_LOADER = "$(TEST_HOST)";
				INFOPLIST_FILE = accelerometertestTests/Info.plist;
				LD_RUNPATH_SEARCH_PATHS = "$(inherited) @executable_path/Frameworks @loader_path/Frameworks";
				PRODUCT_BUNDLE_IDENTIFIER = com.seanle.accelerometertestTests;
				PRODUCT_NAME = "$(TARGET_NAME)";
				SWIFT_VERSION = 3.0;
				TEST_HOST = "$(BUILT_PRODUCTS_DIR)/accelerometertest.app/accelerometertest";
			};
			name = Release;
		};
		AC9042B31F1FF0E90056D33D /* Debug */ = {
			isa = XCBuildConfiguration;
			buildSettings = {
				ALWAYS_EMBED_SWIFT_STANDARD_LIBRARIES = YES;
				INFOPLIST_FILE = accelerometertestUITests/Info.plist;
				LD_RUNPATH_SEARCH_PATHS = "$(inherited) @executable_path/Frameworks @loader_path/Frameworks";
				PRODUCT_BUNDLE_IDENTIFIER = com.seanle.accelerometertestUITests;
				PRODUCT_NAME = "$(TARGET_NAME)";
				SWIFT_VERSION = 3.0;
				TEST_TARGET_NAME = accelerometertest;
			};
			name = Debug;
		};
		AC9042B41F1FF0E90056D33D /* Release */ = {
			isa = XCBuildConfiguration;
			buildSettings = {
				ALWAYS_EMBED_SWIFT_STANDARD_LIBRARIES = YES;
				INFOPLIST_FILE = accelerometertestUITests/Info.plist;
				LD_RUNPATH_SEARCH_PATHS = "$(inherited) @executable_path/Frameworks @loader_path/Frameworks";
				PRODUCT_BUNDLE_IDENTIFIER = com.seanle.accelerometertestUITests;
				PRODUCT_NAME = "$(TARGET_NAME)";
				SWIFT_VERSION = 3.0;
				TEST_TARGET_NAME = accelerometertest;
			};
			name = Release;
		};
/* End XCBuildConfiguration section */

/* Begin XCConfigurationList section */
		AC90427F1F1FF0E90056D33D /* Build configuration list for PBXProject "accelerometertest" */ = {
			isa = XCConfigurationList;
			buildConfigurations = (
				AC9042AA1F1FF0E90056D33D /* Debug */,
				AC9042AB1F1FF0E90056D33D /* Release */,
			);
			defaultConfigurationIsVisible = 0;
			defaultConfigurationName = Release;
		};
		AC9042AC1F1FF0E90056D33D /* Build configuration list for PBXNativeTarget "accelerometertest" */ = {
			isa = XCConfigurationList;
			buildConfigurations = (
				AC9042AD1F1FF0E90056D33D /* Debug */,
				AC9042AE1F1FF0E90056D33D /* Release */,
			);
			defaultConfigurationIsVisible = 0;
		};
		AC9042AF1F1FF0E90056D33D /* Build configuration list for PBXNativeTarget "accelerometertestTests" */ = {
			isa = XCConfigurationList;
			buildConfigurations = (
				AC9042B01F1FF0E90056D33D /* Debug */,
				AC9042B11F1FF0E90056D33D /* Release */,
			);
			defaultConfigurationIsVisible = 0;
		};
		AC9042B21F1FF0E90056D33D /* Build configuration list for PBXNativeTarget "accelerometertestUITests" */ = {
			isa = XCConfigurationList;
			buildConfigurations = (
				AC9042B31F1FF0E90056D33D /* Debug */,
				AC9042B41F1FF0E90056D33D /* Release */,
			);
			defaultConfigurationIsVisible = 0;
		};
/* End XCConfigurationList section */
	};
	rootObject = AC90427C1F1FF0E90056D33D /* Project object */;
}
